// !$*UTF8*$!
{
	archiveVersion = 1;
	classes = {
	};
	objectVersion = 50;
	objects = {

/* Begin PBXBuildFile section */
		F07BEA2121C6479700D32FCB /* AppDelegate.swift in Sources */ = {isa = PBXBuildFile; fileRef = F07BEA2021C6479700D32FCB /* AppDelegate.swift */; };
		F07BEA2321C6479700D32FCB /* ViewController.swift in Sources */ = {isa = PBXBuildFile; fileRef = F07BEA2221C6479700D32FCB /* ViewController.swift */; };
		F07BEA2621C6479700D32FCB /* Main.storyboard in Resources */ = {isa = PBXBuildFile; fileRef = F07BEA2421C6479700D32FCB /* Main.storyboard */; };
		F07BEA2821C6479800D32FCB /* Assets.xcassets in Resources */ = {isa = PBXBuildFile; fileRef = F07BEA2721C6479800D32FCB /* Assets.xcassets */; };
		F07BEA2B21C6479800D32FCB /* LaunchScreen.storyboard in Resources */ = {isa = PBXBuildFile; fileRef = F07BEA2921C6479800D32FCB /* LaunchScreen.storyboard */; };
		F07BEA3321C6942700D32FCB /* SwipingController.swift in Sources */ = {isa = PBXBuildFile; fileRef = F07BEA3221C6942700D32FCB /* SwipingController.swift */; };
		F07BEA3521C69C5600D32FCB /* PageCell.swift in Sources */ = {isa = PBXBuildFile; fileRef = F07BEA3421C69C5600D32FCB /* PageCell.swift */; };
		F07BEA3721C6EAD800D32FCB /* Page.swift in Sources */ = {isa = PBXBuildFile; fileRef = F07BEA3621C6EAD800D32FCB /* Page.swift */; };
		F093183821C9A7000020DFCD /* SwipingController + extension.swift in Sources */ = {isa = PBXBuildFile; fileRef = F093183721C9A7000020DFCD /* SwipingController + extension.swift */; };
		F093183A21C9A7990020DFCD /* SwipingController + UICollectionViewDelegateFlowLayout.swift in Sources */ = {isa = PBXBuildFile; fileRef = F093183921C9A7990020DFCD /* SwipingController + UICollectionViewDelegateFlowLayout.swift */; };
/* End PBXBuildFile section */

/* Begin PBXFileReference section */
		F07BEA1D21C6479700D32FCB /* Blue Paw.app */ = {isa = PBXFileReference; explicitFileType = wrapper.application; includeInIndex = 0; path = "Blue Paw.app"; sourceTree = BUILT_PRODUCTS_DIR; };
		F07BEA2021C6479700D32FCB /* AppDelegate.swift */ = {isa = PBXFileReference; lastKnownFileType = sourcecode.swift; path = AppDelegate.swift; sourceTree = "<group>"; };
		F07BEA2221C6479700D32FCB /* ViewController.swift */ = {isa = PBXFileReference; lastKnownFileType = sourcecode.swift; path = ViewController.swift; sourceTree = "<group>"; };
		F07BEA2521C6479700D32FCB /* Base */ = {isa = PBXFileReference; lastKnownFileType = file.storyboard; name = Base; path = Base.lproj/Main.storyboard; sourceTree = "<group>"; };
		F07BEA2721C6479800D32FCB /* Assets.xcassets */ = {isa = PBXFileReference; lastKnownFileType = folder.assetcatalog; path = Assets.xcassets; sourceTree = "<group>"; };
		F07BEA2A21C6479800D32FCB /* Base */ = {isa = PBXFileReference; lastKnownFileType = file.storyboard; name = Base; path = Base.lproj/LaunchScreen.storyboard; sourceTree = "<group>"; };
		F07BEA2C21C6479800D32FCB /* Info.plist */ = {isa = PBXFileReference; lastKnownFileType = text.plist.xml; path = Info.plist; sourceTree = "<group>"; };
		F07BEA3221C6942700D32FCB /* SwipingController.swift */ = {isa = PBXFileReference; lastKnownFileType = sourcecode.swift; path = SwipingController.swift; sourceTree = "<group>"; };
		F07BEA3421C69C5600D32FCB /* PageCell.swift */ = {isa = PBXFileReference; lastKnownFileType = sourcecode.swift; path = PageCell.swift; sourceTree = "<group>"; };
		F07BEA3621C6EAD800D32FCB /* Page.swift */ = {isa = PBXFileReference; lastKnownFileType = sourcecode.swift; path = Page.swift; sourceTree = "<group>"; };
		F093183721C9A7000020DFCD /* SwipingController + extension.swift */ = {isa = PBXFileReference; lastKnownFileType = sourcecode.swift; path = "SwipingController + extension.swift"; sourceTree = "<group>"; };
		F093183921C9A7990020DFCD /* SwipingController + UICollectionViewDelegateFlowLayout.swift */ = {isa = PBXFileReference; lastKnownFileType = sourcecode.swift; path = "SwipingController + UICollectionViewDelegateFlowLayout.swift"; sourceTree = "<group>"; };
/* End PBXFileReference section */

/* Begin PBXFrameworksBuildPhase section */
		F07BEA1A21C6479700D32FCB /* Frameworks */ = {
			isa = PBXFrameworksBuildPhase;
			buildActionMask = 2147483647;
			files = (
			);
			runOnlyForDeploymentPostprocessing = 0;
		};
/* End PBXFrameworksBuildPhase section */

/* Begin PBXGroup section */
		F07BEA1421C6479700D32FCB = {
			isa = PBXGroup;
			children = (
				F07BEA1F21C6479700D32FCB /* Blue Paw */,
				F07BEA1E21C6479700D32FCB /* Products */,
			);
			sourceTree = "<group>";
		};
		F07BEA1E21C6479700D32FCB /* Products */ = {
			isa = PBXGroup;
			children = (
				F07BEA1D21C6479700D32FCB /* Blue Paw.app */,
			);
			name = Products;
			sourceTree = "<group>";
		};
		F07BEA1F21C6479700D32FCB /* Blue Paw */ = {
			isa = PBXGroup;
			children = (
				F07BEA2021C6479700D32FCB /* AppDelegate.swift */,
				F07BEA2221C6479700D32FCB /* ViewController.swift */,
				F07BEA3221C6942700D32FCB /* SwipingController.swift */,
				F093183921C9A7990020DFCD /* SwipingController + UICollectionViewDelegateFlowLayout.swift */,
				F093183721C9A7000020DFCD /* SwipingController + extension.swift */,
				F07BEA3421C69C5600D32FCB /* PageCell.swift */,
				F07BEA3621C6EAD800D32FCB /* Page.swift */,
				F07BEA2421C6479700D32FCB /* Main.storyboard */,
				F07BEA2721C6479800D32FCB /* Assets.xcassets */,
				F07BEA2921C6479800D32FCB /* LaunchScreen.storyboard */,
				F07BEA2C21C6479800D32FCB /* Info.plist */,
			);
			path = "Blue Paw";
			sourceTree = "<group>";
		};
/* End PBXGroup section */

/* Begin PBXNativeTarget section */
		F07BEA1C21C6479700D32FCB /* Blue Paw */ = {
			isa = PBXNativeTarget;
			buildConfigurationList = F07BEA2F21C6479800D32FCB /* Build configuration list for PBXNativeTarget "Blue Paw" */;
			buildPhases = (
				F07BEA1921C6479700D32FCB /* Sources */,
				F07BEA1A21C6479700D32FCB /* Frameworks */,
				F07BEA1B21C6479700D32FCB /* Resources */,
			);
			buildRules = (
			);
			dependencies = (
			);
			name = "Blue Paw";
			productName = "Blue Paw";
			productReference = F07BEA1D21C6479700D32FCB /* Blue Paw.app */;
			productType = "com.apple.product-type.application";
		};
/* End PBXNativeTarget section */

/* Begin PBXProject section */
		F07BEA1521C6479700D32FCB /* Project object */ = {
			isa = PBXProject;
			attributes = {
				LastSwiftUpdateCheck = 1010;
				LastUpgradeCheck = 1010;
				ORGANIZATIONNAME = "Алексей Пархоменко";
				TargetAttributes = {
					F07BEA1C21C6479700D32FCB = {
						CreatedOnToolsVersion = 10.1;
					};
				};
			};
			buildConfigurationList = F07BEA1821C6479700D32FCB /* Build configuration list for PBXProject "Blue Paw" */;
			compatibilityVersion = "Xcode 9.3";
			developmentRegion = en;
			hasScannedForEncodings = 0;
			knownRegions = (
				en,
				Base,
			);
			mainGroup = F07BEA1421C6479700D32FCB;
			productRefGroup = F07BEA1E21C6479700D32FCB /* Products */;
			projectDirPath = "";
			projectRoot = "";
			targets = (
				F07BEA1C21C6479700D32FCB /* Blue Paw */,
			);
		};
/* End PBXProject section */

/* Begin PBXResourcesBuildPhase section */
		F07BEA1B21C6479700D32FCB /* Resources */ = {
			isa = PBXResourcesBuildPhase;
			buildActionMask = 2147483647;
			files = (
				F07BEA2B21C6479800D32FCB /* LaunchScreen.storyboard in Resources */,
				F07BEA2821C6479800D32FCB /* Assets.xcassets in Resources */,
				F07BEA2621C6479700D32FCB /* Main.storyboard in Resources */,
			);
			runOnlyForDeploymentPostprocessing = 0;
		};
/* End PBXResourcesBuildPhase section */

/* Begin PBXSourcesBuildPhase section */
		F07BEA1921C6479700D32FCB /* Sources */ = {
			isa = PBXSourcesBuildPhase;
			buildActionMask = 2147483647;
			files = (
				F093183A21C9A7990020DFCD /* SwipingController + UICollectionViewDelegateFlowLayout.swift in Sources */,
				F07BEA2321C6479700D32FCB /* ViewController.swift in Sources */,
				F093183821C9A7000020DFCD /* SwipingController + extension.swift in Sources */,
				F07BEA2121C6479700D32FCB /* AppDelegate.swift in Sources */,
				F07BEA3521C69C5600D32FCB /* PageCell.swift in Sources */,
				F07BEA3321C6942700D32FCB /* SwipingController.swift in Sources */,
				F07BEA3721C6EAD800D32FCB /* Page.swift in Sources */,
			);
			runOnlyForDeploymentPostprocessing = 0;
		};
/* End PBXSourcesBuildPhase section */

/* Begin PBXVariantGroup section */
		F07BEA2421C6479700D32FCB /* Main.storyboard */ = {
			isa = PBXVariantGroup;
			children = (
				F07BEA2521C6479700D32FCB /* Base */,
			);
			name = Main.storyboard;
			sourceTree = "<group>";
		};
		F07BEA2921C6479800D32FCB /* LaunchScreen.storyboard */ = {
			isa = PBXVariantGroup;
			children = (
				F07BEA2A21C6479800D32FCB /* Base */,
			);
			name = LaunchScreen.storyboard;
			sourceTree = "<group>";
		};
/* End PBXVariantGroup section */

/* Begin XCBuildConfiguration section */
		F07BEA2D21C6479800D32FCB /* Debug */ = {
			isa = XCBuildConfiguration;
			buildSettings = {
				ALWAYS_SEARCH_USER_PATHS = NO;
				CLANG_ANALYZER_NONNULL = YES;
				CLANG_ANALYZER_NUMBER_OBJECT_CONVERSION = YES_AGGRESSIVE;
				CLANG_CXX_LANGUAGE_STANDARD = "gnu++14";
				CLANG_CXX_LIBRARY = "libc++";
				CLANG_ENABLE_MODULES = YES;
				CLANG_ENABLE_OBJC_ARC = YES;
				CLANG_ENABLE_OBJC_WEAK = YES;
				CLANG_WARN_BLOCK_CAPTURE_AUTORELEASING = YES;
				CLANG_WARN_BOOL_CONVERSION = YES;
				CLANG_WARN_COMMA = YES;
				CLANG_WARN_CONSTANT_CONVERSION = YES;
				CLANG_WARN_DEPRECATED_OBJC_IMPLEMENTATIONS = YES;
				CLANG_WARN_DIRECT_OBJC_ISA_USAGE = YES_ERROR;
				CLANG_WARN_DOCUMENTATION_COMMENTS = YES;
				CLANG_WARN_EMPTY_BODY = YES;
				CLANG_WARN_ENUM_CONVERSION = YES;
				CLANG_WARN_INFINITE_RECURSION = YES;
				CLANG_WARN_INT_CONVERSION = YES;
				CLANG_WARN_NON_LITERAL_NULL_CONVERSION = YES;
				CLANG_WARN_OBJC_IMPLICIT_RETAIN_SELF = YES;
				CLANG_WARN_OBJC_LITERAL_CONVERSION = YES;
				CLANG_WARN_OBJC_ROOT_CLASS = YES_ERROR;
				CLANG_WARN_RANGE_LOOP_ANALYSIS = YES;
				CLANG_WARN_STRICT_PROTOTYPES = YES;
				CLANG_WARN_SUSPICIOUS_MOVE = YES;
				CLANG_WARN_UNGUARDED_AVAILABILITY = YES_AGGRESSIVE;
				CLANG_WARN_UNREACHABLE_CODE = YES;
				CLANG_WARN__DUPLICATE_METHOD_MATCH = YES;
				CODE_SIGN_IDENTITY = "iPhone Developer";
				COPY_PHASE_STRIP = NO;
				DEBUG_INFORMATION_FORMAT = dwarf;
				ENABLE_STRICT_OBJC_MSGSEND = YES;
				ENABLE_TESTABILITY = YES;
				GCC_C_LANGUAGE_STANDARD = gnu11;
				GCC_DYNAMIC_NO_PIC = NO;
				GCC_NO_COMMON_BLOCKS = YES;
				GCC_OPTIMIZATION_LEVEL = 0;
				GCC_PREPROCESSOR_DEFINITIONS = (
					"DEBUG=1",
					"$(inherited)",
				);
				GCC_WARN_64_TO_32_BIT_CONVERSION = YES;
				GCC_WARN_ABOUT_RETURN_TYPE = YES_ERROR;
				GCC_WARN_UNDECLARED_SELECTOR = YES;
				GCC_WARN_UNINITIALIZED_AUTOS = YES_AGGRESSIVE;
				GCC_WARN_UNUSED_FUNCTION = YES;
				GCC_WARN_UNUSED_VARIABLE = YES;
				IPHONEOS_DEPLOYMENT_TARGET = 12.1;
				MTL_ENABLE_DEBUG_INFO = INCLUDE_SOURCE;
				MTL_FAST_MATH = YES;
				ONLY_ACTIVE_ARCH = YES;
				SDKROOT = iphoneos;
				SWIFT_ACTIVE_COMPILATION_CONDITIONS = DEBUG;
				SWIFT_OPTIMIZATION_LEVEL = "-Onone";
			};
			name = Debug;
		};
		F07BEA2E21C6479800D32FCB /* Release */ = {
			isa = XCBuildConfiguration;
			buildSettings = {
				ALWAYS_SEARCH_USER_PATHS = NO;
				CLANG_ANALYZER_NONNULL = YES;
				CLANG_ANALYZER_NUMBER_OBJECT_CONVERSION = YES_AGGRESSIVE;
				CLANG_CXX_LANGUAGE_STANDARD = "gnu++14";
				CLANG_CXX_LIBRARY = "libc++";
				CLANG_ENABLE_MODULES = YES;
				CLANG_ENABLE_OBJC_ARC = YES;
				CLANG_ENABLE_OBJC_WEAK = YES;
				CLANG_WARN_BLOCK_CAPTURE_AUTORELEASING = YES;
				CLANG_WARN_BOOL_CONVERSION = YES;
				CLANG_WARN_COMMA = YES;
				CLANG_WARN_CONSTANT_CONVERSION = YES;
				CLANG_WARN_DEPRECATED_OBJC_IMPLEMENTATIONS = YES;
				CLANG_WARN_DIRECT_OBJC_ISA_USAGE = YES_ERROR;
				CLANG_WARN_DOCUMENTATION_COMMENTS = YES;
				CLANG_WARN_EMPTY_BODY = YES;
				CLANG_WARN_ENUM_CONVERSION = YES;
				CLANG_WARN_INFINITE_RECURSION = YES;
				CLANG_WARN_INT_CONVERSION = YES;
				CLANG_WARN_NON_LITERAL_NULL_CONVERSION = YES;
				CLANG_WARN_OBJC_IMPLICIT_RETAIN_SELF = YES;
				CLANG_WARN_OBJC_LITERAL_CONVERSION = YES;
				CLANG_WARN_OBJC_ROOT_CLASS = YES_ERROR;
				CLANG_WARN_RANGE_LOOP_ANALYSIS = YES;
				CLANG_WARN_STRICT_PROTOTYPES = YES;
				CLANG_WARN_SUSPICIOUS_MOVE = YES;
				CLANG_WARN_UNGUARDED_AVAILABILITY = YES_AGGRESSIVE;
				CLANG_WARN_UNREACHABLE_CODE = YES;
				CLANG_WARN__DUPLICATE_METHOD_MATCH = YES;
				CODE_SIGN_IDENTITY = "iPhone Developer";
				COPY_PHASE_STRIP = NO;
				DEBUG_INFORMATION_FORMAT = "dwarf-with-dsym";
				ENABLE_NS_ASSERTIONS = NO;
				ENABLE_STRICT_OBJC_MSGSEND = YES;
				GCC_C_LANGUAGE_STANDARD = gnu11;
				GCC_NO_COMMON_BLOCKS = YES;
				GCC_WARN_64_TO_32_BIT_CONVERSION = YES;
				GCC_WARN_ABOUT_RETURN_TYPE = YES_ERROR;
				GCC_WARN_UNDECLARED_SELECTOR = YES;
				GCC_WARN_UNINITIALIZED_AUTOS = YES_AGGRESSIVE;
				GCC_WARN_UNUSED_FUNCTION = YES;
				GCC_WARN_UNUSED_VARIABLE = YES;
				IPHONEOS_DEPLOYMENT_TARGET = 12.1;
				MTL_ENABLE_DEBUG_INFO = NO;
				MTL_FAST_MATH = YES;
				SDKROOT = iphoneos;
				SWIFT_COMPILATION_MODE = wholemodule;
				SWIFT_OPTIMIZATION_LEVEL = "-O";
				VALIDATE_PRODUCT = YES;
			};
			name = Release;
		};
		F07BEA3021C6479800D32FCB /* Debug */ = {
			isa = XCBuildConfiguration;
			buildSettings = {
				ASSETCATALOG_COMPILER_APPICON_NAME = AppIcon;
				CODE_SIGN_STYLE = Automatic;
				DEVELOPMENT_TEAM = "";
				INFOPLIST_FILE = "Blue Paw/Info.plist";
				LD_RUNPATH_SEARCH_PATHS = (
					"$(inherited)",
					"@executable_path/Frameworks",
				);
				PRODUCT_BUNDLE_IDENTIFIER = "com.alexeyParkhomenko.Blue-Paw";
				PRODUCT_NAME = "$(TARGET_NAME)";
				SWIFT_VERSION = 4.2;
				TARGETED_DEVICE_FAMILY = "1,2";
			};
			name = Debug;
		};
		F07BEA3121C6479800D32FCB /* Release */ = {
			isa = XCBuildConfiguration;
			buildSettings = {
				ASSETCATALOG_COMPILER_APPICON_NAME = AppIcon;
				CODE_SIGN_STYLE = Automatic;
				DEVELOPMENT_TEAM = "";
				INFOPLIST_FILE = "Blue Paw/Info.plist";
				LD_RUNPATH_SEARCH_PATHS = (
					"$(inherited)",
					"@executable_path/Frameworks",
				);
				PRODUCT_BUNDLE_IDENTIFIER = "com.alexeyParkhomenko.Blue-Paw";
				PRODUCT_NAME = "$(TARGET_NAME)";
				SWIFT_VERSION = 4.2;
				TARGETED_DEVICE_FAMILY = "1,2";
			};
			name = Release;
		};
/* End XCBuildConfiguration section */

/* Begin XCConfigurationList section */
		F07BEA1821C6479700D32FCB /* Build configuration list for PBXProject "Blue Paw" */ = {
			isa = XCConfigurationList;
			buildConfigurations = (
				F07BEA2D21C6479800D32FCB /* Debug */,
				F07BEA2E21C6479800D32FCB /* Release */,
			);
			defaultConfigurationIsVisible = 0;
			defaultConfigurationName = Release;
		};
		F07BEA2F21C6479800D32FCB /* Build configuration list for PBXNativeTarget "Blue Paw" */ = {
			isa = XCConfigurationList;
			buildConfigurations = (
				F07BEA3021C6479800D32FCB /* Debug */,
				F07BEA3121C6479800D32FCB /* Release */,
			);
			defaultConfigurationIsVisible = 0;
			defaultConfigurationName = Release;
		};
/* End XCConfigurationList section */
	};
	rootObject = F07BEA1521C6479700D32FCB /* Project object */;
}
